{
  "name": "nodejs-sap",
  "version": "1.0.0",
  "lockfileVersion": 1,
  "requires": true,
  "dependencies": {
    "bluebird": {
      "version": "3.7.2",
      "resolved": "https://registry.npmjs.org/bluebird/-/bluebird-3.7.2.tgz",
      "integrity": "sha512-XpNj6GDQzdfW+r2Wnn7xiSAd7TM3jzkxGXBGTtWKuSXv1xUV+azxAm8jdWZN06QTQk+2N2XB9jRDkvbmQmcRtg=="
    },
    "node-addon-api": {
      "version": "3.2.1",
      "resolved": "https://registry.npmjs.org/node-addon-api/-/node-addon-api-3.2.1.tgz",
      "integrity": "sha512-mmcei9JghVNDYydghQmeDX8KoAm0FAiYyIcUt/N4nhyAipB17pllZQDOJD2fotxABnt4Mdz+dKTO7eftLg4d0A=="
    },
    "node-rfc": {
      "version": "2.4.3",
      "resolved": "https://registry.npmjs.org/node-rfc/-/node-rfc-2.4.3.tgz",
      "integrity": "sha512-wQL+6N/LW43xbM/OudfNs7AgdD8unP+eXRCizpY3vcGy+1bnZeRatV1TFST0NwGyve2OqaaB6CGiKxqg0eZKDw==",
      "requires": {
        "bluebird": "^3.7.2",
        "node-addon-api": "^3.2.0"
      }
    }
  }
}
